
Microsoft Visual Studio Solution File, Format Version 12.00
# Visual Studio Version 17
VisualStudioVersion = 17.4.33205.214
MinimumVisualStudioVersion = 10.0.40219.1
Project("{9A19103F-16F7-4668-BE54-9A1E7A4F7556}") = "EM.Web", "EM.Web.csproj", "{550C4885-7407-4DE7-9175-73502E711AD0}"
EndProject
Project("{9A19103F-16F7-4668-BE54-9A1E7A4F7556}") = "EM.Domain", "..\EM.Domain\EM.Domain.csproj", "{F9CAA314-8939-4B31-BF39-21189CA41EBA}"
EndProject
Project("{9A19103F-16F7-4668-BE54-9A1E7A4F7556}") = "EM.Repository", "..\EM.Repository\EM.Repository.csproj", "{6D2CCFAB-16F2-4163-8028-7BACA87E5990}"
EndProject
Project("{FAE04EC0-301F-11D3-BF4B-00C04F79EFBC}") = "EM.Montador", "..\EM.Montador\EM.Montador.csproj", "{D7C69CBA-E932-497E-B330-4D7A14D23059}"
EndProject
Global
	GlobalSection(SolutionConfigurationPlatforms) = preSolution
		Debug|Any CPU = Debug|Any CPU
		Debug|ARM = Debug|ARM
		Debug|ARM64 = Debug|ARM64
		Debug|x64 = Debug|x64
		Debug|x86 = Debug|x86
		Release|Any CPU = Release|Any CPU
		Release|ARM = Release|ARM
		Release|ARM64 = Release|ARM64
		Release|x64 = Release|x64
		Release|x86 = Release|x86
	EndGlobalSection
	GlobalSection(ProjectConfigurationPlatforms) = postSolution
		{550C4885-7407-4DE7-9175-73502E711AD0}.Debug|Any CPU.ActiveCfg = Debug|Any CPU
		{550C4885-7407-4DE7-9175-73502E711AD0}.Debug|Any CPU.Build.0 = Debug|Any CPU
		{550C4885-7407-4DE7-9175-73502E711AD0}.Debug|ARM.ActiveCfg = Debug|Any CPU
		{550C4885-7407-4DE7-9175-73502E711AD0}.Debug|ARM.Build.0 = Debug|Any CPU
		{550C4885-7407-4DE7-9175-73502E711AD0}.Debug|ARM64.ActiveCfg = Debug|Any CPU
		{550C4885-7407-4DE7-9175-73502E711AD0}.Debug|ARM64.Build.0 = Debug|Any CPU
		{550C4885-7407-4DE7-9175-73502E711AD0}.Debug|x64.ActiveCfg = Debug|Any CPU
		{550C4885-7407-4DE7-9175-73502E711AD0}.Debug|x64.Build.0 = Debug|Any CPU
		{550C4885-7407-4DE7-9175-73502E711AD0}.Debug|x86.ActiveCfg = Debug|Any CPU
		{550C4885-7407-4DE7-9175-73502E711AD0}.Debug|x86.Build.0 = Debug|Any CPU
		{550C4885-7407-4DE7-9175-73502E711AD0}.Release|Any CPU.ActiveCfg = Release|Any CPU
		{550C4885-7407-4DE7-9175-73502E711AD0}.Release|Any CPU.Build.0 = Release|Any CPU
		{550C4885-7407-4DE7-9175-73502E711AD0}.Release|ARM.ActiveCfg = Release|Any CPU
		{550C4885-7407-4DE7-9175-73502E711AD0}.Release|ARM.Build.0 = Release|Any CPU
		{550C4885-7407-4DE7-9175-73502E711AD0}.Release|ARM64.ActiveCfg = Release|Any CPU
		{550C4885-7407-4DE7-9175-73502E711AD0}.Release|ARM64.Build.0 = Release|Any CPU
		{550C4885-7407-4DE7-9175-73502E711AD0}.Release|x64.ActiveCfg = Release|Any CPU
		{550C4885-7407-4DE7-9175-73502E711AD0}.Release|x64.Build.0 = Release|Any CPU
		{550C4885-7407-4DE7-9175-73502E711AD0}.Release|x86.ActiveCfg = Release|Any CPU
		{550C4885-7407-4DE7-9175-73502E711AD0}.Release|x86.Build.0 = Release|Any CPU
		{F9CAA314-8939-4B31-BF39-21189CA41EBA}.Debug|Any CPU.ActiveCfg = Debug|Any CPU
		{F9CAA314-8939-4B31-BF39-21189CA41EBA}.Debug|Any CPU.Build.0 = Debug|Any CPU
		{F9CAA314-8939-4B31-BF39-21189CA41EBA}.Debug|ARM.ActiveCfg = Debug|Any CPU
		{F9CAA314-8939-4B31-BF39-21189CA41EBA}.Debug|ARM.Build.0 = Debug|Any CPU
		{F9CAA314-8939-4B31-BF39-21189CA41EBA}.Debug|ARM64.ActiveCfg = Debug|Any CPU
		{F9CAA314-8939-4B31-BF39-21189CA41EBA}.Debug|ARM64.Build.0 = Debug|Any CPU
		{F9CAA314-8939-4B31-BF39-21189CA41EBA}.Debug|x64.ActiveCfg = Debug|Any CPU
		{F9CAA314-8939-4B31-BF39-21189CA41EBA}.Debug|x64.Build.0 = Debug|Any CPU
		{F9CAA314-8939-4B31-BF39-21189CA41EBA}.Debug|x86.ActiveCfg = Debug|Any CPU
		{F9CAA314-8939-4B31-BF39-21189CA41EBA}.Debug|x86.Build.0 = Debug|Any CPU
		{F9CAA314-8939-4B31-BF39-21189CA41EBA}.Release|Any CPU.ActiveCfg = Release|Any CPU
		{F9CAA314-8939-4B31-BF39-21189CA41EBA}.Release|Any CPU.Build.0 = Release|Any CPU
		{F9CAA314-8939-4B31-BF39-21189CA41EBA}.Release|ARM.ActiveCfg = Release|Any CPU
		{F9CAA314-8939-4B31-BF39-21189CA41EBA}.Release|ARM.Build.0 = Release|Any CPU
		{F9CAA314-8939-4B31-BF39-21189CA41EBA}.Release|ARM64.ActiveCfg = Release|Any CPU
		{F9CAA314-8939-4B31-BF39-21189CA41EBA}.Release|ARM64.Build.0 = Release|Any CPU
		{F9CAA314-8939-4B31-BF39-21189CA41EBA}.Release|x64.ActiveCfg = Release|Any CPU
		{F9CAA314-8939-4B31-BF39-21189CA41EBA}.Release|x64.Build.0 = Release|Any CPU
		{F9CAA314-8939-4B31-BF39-21189CA41EBA}.Release|x86.ActiveCfg = Release|Any CPU
		{F9CAA314-8939-4B31-BF39-21189CA41EBA}.Release|x86.Build.0 = Release|Any CPU
		{6D2CCFAB-16F2-4163-8028-7BACA87E5990}.Debug|Any CPU.ActiveCfg = Debug|Any CPU
		{6D2CCFAB-16F2-4163-8028-7BACA87E5990}.Debug|Any CPU.Build.0 = Debug|Any CPU
		{6D2CCFAB-16F2-4163-8028-7BACA87E5990}.Debug|ARM.ActiveCfg = Debug|Any CPU
		{6D2CCFAB-16F2-4163-8028-7BACA87E5990}.Debug|ARM.Build.0 = Debug|Any CPU
		{6D2CCFAB-16F2-4163-8028-7BACA87E5990}.Debug|ARM64.ActiveCfg = Debug|Any CPU
		{6D2CCFAB-16F2-4163-8028-7BACA87E5990}.Debug|ARM64.Build.0 = Debug|Any CPU
		{6D2CCFAB-16F2-4163-8028-7BACA87E5990}.Debug|x64.ActiveCfg = Debug|Any CPU
		{6D2CCFAB-16F2-4163-8028-7BACA87E5990}.Debug|x64.Build.0 = Debug|Any CPU
		{6D2CCFAB-16F2-4163-8028-7BACA87E5990}.Debug|x86.ActiveCfg = Debug|Any CPU
		{6D2CCFAB-16F2-4163-8028-7BACA87E5990}.Debug|x86.Build.0 = Debug|Any CPU
		{6D2CCFAB-16F2-4163-8028-7BACA87E5990}.Release|Any CPU.ActiveCfg = Release|Any CPU
		{6D2CCFAB-16F2-4163-8028-7BACA87E5990}.Release|Any CPU.Build.0 = Release|Any CPU
		{6D2CCFAB-16F2-4163-8028-7BACA87E5990}.Release|ARM.ActiveCfg = Release|Any CPU
		{6D2CCFAB-16F2-4163-8028-7BACA87E5990}.Release|ARM.Build.0 = Release|Any CPU
		{6D2CCFAB-16F2-4163-8028-7BACA87E5990}.Release|ARM64.ActiveCfg = Release|Any CPU
		{6D2CCFAB-16F2-4163-8028-7BACA87E5990}.Release|ARM64.Build.0 = Release|Any CPU
		{6D2CCFAB-16F2-4163-8028-7BACA87E5990}.Release|x64.ActiveCfg = Release|Any CPU
		{6D2CCFAB-16F2-4163-8028-7BACA87E5990}.Release|x64.Build.0 = Release|Any CPU
		{6D2CCFAB-16F2-4163-8028-7BACA87E5990}.Release|x86.ActiveCfg = Release|Any CPU
		{6D2CCFAB-16F2-4163-8028-7BACA87E5990}.Release|x86.Build.0 = Release|Any CPU
		{D7C69CBA-E932-497E-B330-4D7A14D23059}.Debug|Any CPU.ActiveCfg = Debug|Any CPU
		{D7C69CBA-E932-497E-B330-4D7A14D23059}.Debug|Any CPU.Build.0 = Debug|Any CPU
		{D7C69CBA-E932-497E-B330-4D7A14D23059}.Debug|ARM.ActiveCfg = Debug|Any CPU
		{D7C69CBA-E932-497E-B330-4D7A14D23059}.Debug|ARM.Build.0 = Debug|Any CPU
		{D7C69CBA-E932-497E-B330-4D7A14D23059}.Debug|ARM64.ActiveCfg = Debug|Any CPU
		{D7C69CBA-E932-497E-B330-4D7A14D23059}.Debug|ARM64.Build.0 = Debug|Any CPU
		{D7C69CBA-E932-497E-B330-4D7A14D23059}.Debug|x64.ActiveCfg = Debug|Any CPU
		{D7C69CBA-E932-497E-B330-4D7A14D23059}.Debug|x64.Build.0 = Debug|Any CPU
		{D7C69CBA-E932-497E-B330-4D7A14D23059}.Debug|x86.ActiveCfg = Debug|Any CPU
		{D7C69CBA-E932-497E-B330-4D7A14D23059}.Debug|x86.Build.0 = Debug|Any CPU
		{D7C69CBA-E932-497E-B330-4D7A14D23059}.Release|Any CPU.ActiveCfg = Release|Any CPU
		{D7C69CBA-E932-497E-B330-4D7A14D23059}.Release|Any CPU.Build.0 = Release|Any CPU
		{D7C69CBA-E932-497E-B330-4D7A14D23059}.Release|ARM.ActiveCfg = Release|Any CPU
		{D7C69CBA-E932-497E-B330-4D7A14D23059}.Release|ARM.Build.0 = Release|Any CPU
		{D7C69CBA-E932-497E-B330-4D7A14D23059}.Release|ARM64.ActiveCfg = Release|Any CPU
		{D7C69CBA-E932-497E-B330-4D7A14D23059}.Release|ARM64.Build.0 = Release|Any CPU
		{D7C69CBA-E932-497E-B330-4D7A14D23059}.Release|x64.ActiveCfg = Release|Any CPU
		{D7C69CBA-E932-497E-B330-4D7A14D23059}.Release|x64.Build.0 = Release|Any CPU
		{D7C69CBA-E932-497E-B330-4D7A14D23059}.Release|x86.ActiveCfg = Release|Any CPU
		{D7C69CBA-E932-497E-B330-4D7A14D23059}.Release|x86.Build.0 = Release|Any CPU
	EndGlobalSection
	GlobalSection(SolutionProperties) = preSolution
		HideSolutionNode = FALSE
	EndGlobalSection
	GlobalSection(ExtensibilityGlobals) = postSolution
		SolutionGuid = {41D4CA3C-F5CB-4978-B29E-78058F2B938C}
	EndGlobalSection
EndGlobal
